
Microsoft Visual Studio Solution File, Format Version 12.00
# Visual Studio 14
VisualStudioVersion = 14.0.25420.1
MinimumVisualStudioVersion = 10.0.40219.1
Project("{FAE04EC0-301F-11D3-BF4B-00C04F79EFBC}") = "Bridge_App", "Bridge_App\Bridge_App.csproj", "{7CC0059E-95DD-4DD3-96CB-E14DCA499448}"
EndProject
Project("{FAE04EC0-301F-11D3-BF4B-00C04F79EFBC}") = "UnitTest_Bridge_App", "UnitTest_Bridge_App\UnitTest_Bridge_App.csproj", "{19199C23-6BE1-4608-9332-E23082017BA9}"
EndProject
Global
	GlobalSection(SolutionConfigurationPlatforms) = preSolution
		Debug|Any CPU = Debug|Any CPU
		Debug|ARM = Debug|ARM
		Debug|x64 = Debug|x64
		Debug|x86 = Debug|x86
		Release|Any CPU = Release|Any CPU
		Release|ARM = Release|ARM
		Release|x64 = Release|x64
		Release|x86 = Release|x86
	EndGlobalSection
	GlobalSection(ProjectConfigurationPlatforms) = postSolution
		{7CC0059E-95DD-4DD3-96CB-E14DCA499448}.Debug|Any CPU.ActiveCfg = Debug|Any CPU
		{7CC0059E-95DD-4DD3-96CB-E14DCA499448}.Debug|Any CPU.Build.0 = Debug|Any CPU
		{7CC0059E-95DD-4DD3-96CB-E14DCA499448}.Debug|ARM.ActiveCfg = Debug|Any CPU
		{7CC0059E-95DD-4DD3-96CB-E14DCA499448}.Debug|ARM.Build.0 = Debug|Any CPU
		{7CC0059E-95DD-4DD3-96CB-E14DCA499448}.Debug|x64.ActiveCfg = Debug|Any CPU
		{7CC0059E-95DD-4DD3-96CB-E14DCA499448}.Debug|x64.Build.0 = Debug|Any CPU
		{7CC0059E-95DD-4DD3-96CB-E14DCA499448}.Debug|x86.ActiveCfg = Debug|Any CPU
		{7CC0059E-95DD-4DD3-96CB-E14DCA499448}.Debug|x86.Build.0 = Debug|Any CPU
		{7CC0059E-95DD-4DD3-96CB-E14DCA499448}.Release|Any CPU.ActiveCfg = Release|Any CPU
		{7CC0059E-95DD-4DD3-96CB-E14DCA499448}.Release|Any CPU.Build.0 = Release|Any CPU
		{7CC0059E-95DD-4DD3-96CB-E14DCA499448}.Release|ARM.ActiveCfg = Release|Any CPU
		{7CC0059E-95DD-4DD3-96CB-E14DCA499448}.Release|ARM.Build.0 = Release|Any CPU
		{7CC0059E-95DD-4DD3-96CB-E14DCA499448}.Release|x64.ActiveCfg = Release|Any CPU
		{7CC0059E-95DD-4DD3-96CB-E14DCA499448}.Release|x64.Build.0 = Release|Any CPU
		{7CC0059E-95DD-4DD3-96CB-E14DCA499448}.Release|x86.ActiveCfg = Release|Any CPU
		{7CC0059E-95DD-4DD3-96CB-E14DCA499448}.Release|x86.Build.0 = Release|Any CPU
		{19199C23-6BE1-4608-9332-E23082017BA9}.Debug|Any CPU.ActiveCfg = Debug|Any CPU
		{19199C23-6BE1-4608-9332-E23082017BA9}.Debug|Any CPU.Build.0 = Debug|Any CPU
		{19199C23-6BE1-4608-9332-E23082017BA9}.Debug|ARM.ActiveCfg = Debug|Any CPU
		{19199C23-6BE1-4608-9332-E23082017BA9}.Debug|ARM.Build.0 = Debug|Any CPU
		{19199C23-6BE1-4608-9332-E23082017BA9}.Debug|x64.ActiveCfg = Debug|Any CPU
		{19199C23-6BE1-4608-9332-E23082017BA9}.Debug|x64.Build.0 = Debug|Any CPU
		{19199C23-6BE1-4608-9332-E23082017BA9}.Debug|x86.ActiveCfg = Debug|Any CPU
		{19199C23-6BE1-4608-9332-E23082017BA9}.Debug|x86.Build.0 = Debug|Any CPU
		{19199C23-6BE1-4608-9332-E23082017BA9}.Release|Any CPU.ActiveCfg = Release|Any CPU
		{19199C23-6BE1-4608-9332-E23082017BA9}.Release|Any CPU.Build.0 = Release|Any CPU
		{19199C23-6BE1-4608-9332-E23082017BA9}.Release|ARM.ActiveCfg = Release|Any CPU
		{19199C23-6BE1-4608-9332-E23082017BA9}.Release|ARM.Build.0 = Release|Any CPU
		{19199C23-6BE1-4608-9332-E23082017BA9}.Release|x64.ActiveCfg = Release|Any CPU
		{19199C23-6BE1-4608-9332-E23082017BA9}.Release|x64.Build.0 = Release|Any CPU
		{19199C23-6BE1-4608-9332-E23082017BA9}.Release|x86.ActiveCfg = Release|Any CPU
		{19199C23-6BE1-4608-9332-E23082017BA9}.Release|x86.Build.0 = Release|Any CPU
	EndGlobalSection
	GlobalSection(SolutionProperties) = preSolution
		HideSolutionNode = FALSE
	EndGlobalSection
EndGlobal
